// !$*UTF8*$!
{
	archiveVersion = 1;
	classes = {
	};
	objectVersion = 55;
	objects = {

/* Begin PBXBuildFile section */
		FE6CC8922684346100ED5C1F /* PasswordsApp.swift in Sources */ = {isa = PBXBuildFile; fileRef = FE6CC8912684346100ED5C1F /* PasswordsApp.swift */; };
		FE6CC8942684346100ED5C1F /* ContentView.swift in Sources */ = {isa = PBXBuildFile; fileRef = FE6CC8932684346100ED5C1F /* ContentView.swift */; };
		FE6CC8962684346200ED5C1F /* Assets.xcassets in Resources */ = {isa = PBXBuildFile; fileRef = FE6CC8952684346200ED5C1F /* Assets.xcassets */; };
		FE6CC8992684346200ED5C1F /* Preview Assets.xcassets in Resources */ = {isa = PBXBuildFile; fileRef = FE6CC8982684346200ED5C1F /* Preview Assets.xcassets */; };
		FE6E24F32689858D0014314C /* PasswordList.swift in Sources */ = {isa = PBXBuildFile; fileRef = FE6E24F22689858D0014314C /* PasswordList.swift */; };
		FE6E24F5268986EA0014314C /* PasswordOptionsPopup.swift in Sources */ = {isa = PBXBuildFile; fileRef = FE6E24F4268986EA0014314C /* PasswordOptionsPopup.swift */; };
		FE72B183268D87A5008747E6 /* getHTMLString.swift in Sources */ = {isa = PBXBuildFile; fileRef = FE72B182268D87A5008747E6 /* getHTMLString.swift */; };
		FE771CBE26882A580046BF91 /* Swifter in Frameworks */ = {isa = PBXBuildFile; productRef = FE771CBD26882A580046BF91 /* Swifter */; };
		FE771CC02688333C0046BF91 /* getIPAddress.swift in Sources */ = {isa = PBXBuildFile; fileRef = FE771CBF2688333C0046BF91 /* getIPAddress.swift */; };
/* End PBXBuildFile section */

/* Begin PBXFileReference section */
		FE6CC88E2684346100ED5C1F /* Passwords.app */ = {isa = PBXFileReference; explicitFileType = wrapper.application; includeInIndex = 0; path = Passwords.app; sourceTree = BUILT_PRODUCTS_DIR; };
		FE6CC8912684346100ED5C1F /* PasswordsApp.swift */ = {isa = PBXFileReference; lastKnownFileType = sourcecode.swift; path = PasswordsApp.swift; sourceTree = "<group>"; };
		FE6CC8932684346100ED5C1F /* ContentView.swift */ = {isa = PBXFileReference; lastKnownFileType = sourcecode.swift; path = ContentView.swift; sourceTree = "<group>"; };
		FE6CC8952684346200ED5C1F /* Assets.xcassets */ = {isa = PBXFileReference; lastKnownFileType = folder.assetcatalog; path = Assets.xcassets; sourceTree = "<group>"; };
		FE6CC8982684346200ED5C1F /* Preview Assets.xcassets */ = {isa = PBXFileReference; lastKnownFileType = folder.assetcatalog; path = "Preview Assets.xcassets"; sourceTree = "<group>"; };
		FE6E24F22689858D0014314C /* PasswordList.swift */ = {isa = PBXFileReference; lastKnownFileType = sourcecode.swift; path = PasswordList.swift; sourceTree = "<group>"; };
		FE6E24F4268986EA0014314C /* PasswordOptionsPopup.swift */ = {isa = PBXFileReference; lastKnownFileType = sourcecode.swift; path = PasswordOptionsPopup.swift; sourceTree = "<group>"; };
		FE72B182268D87A5008747E6 /* getHTMLString.swift */ = {isa = PBXFileReference; lastKnownFileType = sourcecode.swift; path = getHTMLString.swift; sourceTree = "<group>"; };
		FE771CBF2688333C0046BF91 /* getIPAddress.swift */ = {isa = PBXFileReference; lastKnownFileType = sourcecode.swift; path = getIPAddress.swift; sourceTree = "<group>"; };
/* End PBXFileReference section */

/* Begin PBXFrameworksBuildPhase section */
		FE6CC88B2684346100ED5C1F /* Frameworks */ = {
			isa = PBXFrameworksBuildPhase;
			buildActionMask = 2147483647;
			files = (
				FE771CBE26882A580046BF91 /* Swifter in Frameworks */,
			);
			runOnlyForDeploymentPostprocessing = 0;
		};
/* End PBXFrameworksBuildPhase section */

/* Begin PBXGroup section */
		FE5C33F92687F7940026AB2E /* Frameworks */ = {
			isa = PBXGroup;
			children = (
			);
			name = Frameworks;
			sourceTree = "<group>";
		};
		FE6CC8852684346100ED5C1F = {
			isa = PBXGroup;
			children = (
				FE6CC8902684346100ED5C1F /* Passwords */,
				FE6CC88F2684346100ED5C1F /* Products */,
				FE5C33F92687F7940026AB2E /* Frameworks */,
			);
			sourceTree = "<group>";
		};
		FE6CC88F2684346100ED5C1F /* Products */ = {
			isa = PBXGroup;
			children = (
				FE6CC88E2684346100ED5C1F /* Passwords.app */,
			);
			name = Products;
			sourceTree = "<group>";
		};
		FE6CC8902684346100ED5C1F /* Passwords */ = {
			isa = PBXGroup;
			children = (
				FE771CBF2688333C0046BF91 /* getIPAddress.swift */,
				FE6E24F4268986EA0014314C /* PasswordOptionsPopup.swift */,
				FE6E24F22689858D0014314C /* PasswordList.swift */,
				FE72B182268D87A5008747E6 /* getHTMLString.swift */,
				FE6CC8912684346100ED5C1F /* PasswordsApp.swift */,
				FE6CC8932684346100ED5C1F /* ContentView.swift */,
				FE6CC8952684346200ED5C1F /* Assets.xcassets */,
				FE6CC8972684346200ED5C1F /* Preview Content */,
			);
			path = Passwords;
			sourceTree = "<group>";
		};
		FE6CC8972684346200ED5C1F /* Preview Content */ = {
			isa = PBXGroup;
			children = (
				FE6CC8982684346200ED5C1F /* Preview Assets.xcassets */,
			);
			path = "Preview Content";
			sourceTree = "<group>";
		};
/* End PBXGroup section */

/* Begin PBXNativeTarget section */
		FE6CC88D2684346100ED5C1F /* Passwords */ = {
			isa = PBXNativeTarget;
			buildConfigurationList = FE6CC89C2684346200ED5C1F /* Build configuration list for PBXNativeTarget "Passwords" */;
			buildPhases = (
				FE6CC88A2684346100ED5C1F /* Sources */,
				FE6CC88B2684346100ED5C1F /* Frameworks */,
				FE6CC88C2684346100ED5C1F /* Resources */,
			);
			buildRules = (
			);
			dependencies = (
			);
			name = Passwords;
			packageProductDependencies = (
				FE771CBD26882A580046BF91 /* Swifter */,
			);
			productName = Passwords;
			productReference = FE6CC88E2684346100ED5C1F /* Passwords.app */;
			productType = "com.apple.product-type.application";
		};
/* End PBXNativeTarget section */

/* Begin PBXProject section */
		FE6CC8862684346100ED5C1F /* Project object */ = {
			isa = PBXProject;
			attributes = {
				BuildIndependentTargetsInParallel = 1;
				LastSwiftUpdateCheck = 1300;
				LastUpgradeCheck = 1300;
				TargetAttributes = {
					FE6CC88D2684346100ED5C1F = {
						CreatedOnToolsVersion = 13.0;
					};
				};
			};
			buildConfigurationList = FE6CC8892684346100ED5C1F /* Build configuration list for PBXProject "Passwords" */;
			compatibilityVersion = "Xcode 13.0";
			developmentRegion = en;
			hasScannedForEncodings = 0;
			knownRegions = (
				en,
				Base,
			);
			mainGroup = FE6CC8852684346100ED5C1F;
			packageReferences = (
				FE771CBC268829660046BF91 /* XCRemoteSwiftPackageReference "swifter" */,
			);
			productRefGroup = FE6CC88F2684346100ED5C1F /* Products */;
			projectDirPath = "";
			projectRoot = "";
			targets = (
				FE6CC88D2684346100ED5C1F /* Passwords */,
			);
		};
/* End PBXProject section */

/* Begin PBXResourcesBuildPhase section */
		FE6CC88C2684346100ED5C1F /* Resources */ = {
			isa = PBXResourcesBuildPhase;
			buildActionMask = 2147483647;
			files = (
				FE6CC8992684346200ED5C1F /* Preview Assets.xcassets in Resources */,
				FE6CC8962684346200ED5C1F /* Assets.xcassets in Resources */,
			);
			runOnlyForDeploymentPostprocessing = 0;
		};
/* End PBXResourcesBuildPhase section */

/* Begin PBXSourcesBuildPhase section */
		FE6CC88A2684346100ED5C1F /* Sources */ = {
			isa = PBXSourcesBuildPhase;
			buildActionMask = 2147483647;
			files = (
				FE72B183268D87A5008747E6 /* getHTMLString.swift in Sources */,
				FE6E24F5268986EA0014314C /* PasswordOptionsPopup.swift in Sources */,
				FE6E24F32689858D0014314C /* PasswordList.swift in Sources */,
				FE771CC02688333C0046BF91 /* getIPAddress.swift in Sources */,
				FE6CC8942684346100ED5C1F /* ContentView.swift in Sources */,
				FE6CC8922684346100ED5C1F /* PasswordsApp.swift in Sources */,
			);
			runOnlyForDeploymentPostprocessing = 0;
		};
/* End PBXSourcesBuildPhase section */

/* Begin XCBuildConfiguration section */
		FE6CC89A2684346200ED5C1F /* Debug */ = {
			isa = XCBuildConfiguration;
			buildSettings = {
				ALWAYS_SEARCH_USER_PATHS = NO;
				CLANG_ANALYZER_NONNULL = YES;
				CLANG_ANALYZER_NUMBER_OBJECT_CONVERSION = YES_AGGRESSIVE;
				CLANG_CXX_LANGUAGE_STANDARD = "gnu++14";
				CLANG_CXX_LIBRARY = "libc++";
				CLANG_ENABLE_MODULES = YES;
				CLANG_ENABLE_OBJC_ARC = YES;
				CLANG_ENABLE_OBJC_WEAK = YES;
				CLANG_WARN_BLOCK_CAPTURE_AUTORELEASING = YES;
				CLANG_WARN_BOOL_CONVERSION = YES;
				CLANG_WARN_COMMA = YES;
				CLANG_WARN_CONSTANT_CONVERSION = YES;
				CLANG_WARN_DEPRECATED_OBJC_IMPLEMENTATIONS = YES;
				CLANG_WARN_DIRECT_OBJC_ISA_USAGE = YES_ERROR;
				CLANG_WARN_DOCUMENTATION_COMMENTS = YES;
				CLANG_WARN_EMPTY_BODY = YES;
				CLANG_WARN_ENUM_CONVERSION = YES;
				CLANG_WARN_INFINITE_RECURSION = YES;
				CLANG_WARN_INT_CONVERSION = YES;
				CLANG_WARN_NON_LITERAL_NULL_CONVERSION = YES;
				CLANG_WARN_OBJC_IMPLICIT_RETAIN_SELF = YES;
				CLANG_WARN_OBJC_LITERAL_CONVERSION = YES;
				CLANG_WARN_OBJC_ROOT_CLASS = YES_ERROR;
				CLANG_WARN_QUOTED_INCLUDE_IN_FRAMEWORK_HEADER = YES;
				CLANG_WARN_RANGE_LOOP_ANALYSIS = YES;
				CLANG_WARN_STRICT_PROTOTYPES = YES;
				CLANG_WARN_SUSPICIOUS_MOVE = YES;
				CLANG_WARN_UNGUARDED_AVAILABILITY = YES_AGGRESSIVE;
				CLANG_WARN_UNREACHABLE_CODE = YES;
				CLANG_WARN__DUPLICATE_METHOD_MATCH = YES;
				COPY_PHASE_STRIP = NO;
				DEBUG_INFORMATION_FORMAT = dwarf;
				ENABLE_STRICT_OBJC_MSGSEND = YES;
				ENABLE_TESTABILITY = YES;
				GCC_C_LANGUAGE_STANDARD = gnu11;
				GCC_DYNAMIC_NO_PIC = NO;
				GCC_NO_COMMON_BLOCKS = YES;
				GCC_OPTIMIZATION_LEVEL = 0;
				GCC_PREPROCESSOR_DEFINITIONS = (
					"DEBUG=1",
					"$(inherited)",
				);
				GCC_WARN_64_TO_32_BIT_CONVERSION = YES;
				GCC_WARN_ABOUT_RETURN_TYPE = YES_ERROR;
				GCC_WARN_UNDECLARED_SELECTOR = YES;
				GCC_WARN_UNINITIALIZED_AUTOS = YES_AGGRESSIVE;
				GCC_WARN_UNUSED_FUNCTION = YES;
				GCC_WARN_UNUSED_VARIABLE = YES;
				IPHONEOS_DEPLOYMENT_TARGET = 15.0;
				MTL_ENABLE_DEBUG_INFO = INCLUDE_SOURCE;
				MTL_FAST_MATH = YES;
				ONLY_ACTIVE_ARCH = YES;
				SDKROOT = iphoneos;
				SWIFT_ACTIVE_COMPILATION_CONDITIONS = DEBUG;
				SWIFT_OPTIMIZATION_LEVEL = "-Onone";
			};
			name = Debug;
		};
		FE6CC89B2684346200ED5C1F /* Release */ = {
			isa = XCBuildConfiguration;
			buildSettings = {
				ALWAYS_SEARCH_USER_PATHS = NO;
				CLANG_ANALYZER_NONNULL = YES;
				CLANG_ANALYZER_NUMBER_OBJECT_CONVERSION = YES_AGGRESSIVE;
				CLANG_CXX_LANGUAGE_STANDARD = "gnu++14";
				CLANG_CXX_LIBRARY = "libc++";
				CLANG_ENABLE_MODULES = YES;
				CLANG_ENABLE_OBJC_ARC = YES;
				CLANG_ENABLE_OBJC_WEAK = YES;
				CLANG_WARN_BLOCK_CAPTURE_AUTORELEASING = YES;
				CLANG_WARN_BOOL_CONVERSION = YES;
				CLANG_WARN_COMMA = YES;
				CLANG_WARN_CONSTANT_CONVERSION = YES;
				CLANG_WARN_DEPRECATED_OBJC_IMPLEMENTATIONS = YES;
				CLANG_WARN_DIRECT_OBJC_ISA_USAGE = YES_ERROR;
				CLANG_WARN_DOCUMENTATION_COMMENTS = YES;
				CLANG_WARN_EMPTY_BODY = YES;
				CLANG_WARN_ENUM_CONVERSION = YES;
				CLANG_WARN_INFINITE_RECURSION = YES;
				CLANG_WARN_INT_CONVERSION = YES;
				CLANG_WARN_NON_LITERAL_NULL_CONVERSION = YES;
				CLANG_WARN_OBJC_IMPLICIT_RETAIN_SELF = YES;
				CLANG_WARN_OBJC_LITERAL_CONVERSION = YES;
				CLANG_WARN_OBJC_ROOT_CLASS = YES_ERROR;
				CLANG_WARN_QUOTED_INCLUDE_IN_FRAMEWORK_HEADER = YES;
				CLANG_WARN_RANGE_LOOP_ANALYSIS = YES;
				CLANG_WARN_STRICT_PROTOTYPES = YES;
				CLANG_WARN_SUSPICIOUS_MOVE = YES;
				CLANG_WARN_UNGUARDED_AVAILABILITY = YES_AGGRESSIVE;
				CLANG_WARN_UNREACHABLE_CODE = YES;
				CLANG_WARN__DUPLICATE_METHOD_MATCH = YES;
				COPY_PHASE_STRIP = NO;
				DEBUG_INFORMATION_FORMAT = "dwarf-with-dsym";
				ENABLE_NS_ASSERTIONS = NO;
				ENABLE_STRICT_OBJC_MSGSEND = YES;
				GCC_C_LANGUAGE_STANDARD = gnu11;
				GCC_NO_COMMON_BLOCKS = YES;
				GCC_WARN_64_TO_32_BIT_CONVERSION = YES;
				GCC_WARN_ABOUT_RETURN_TYPE = YES_ERROR;
				GCC_WARN_UNDECLARED_SELECTOR = YES;
				GCC_WARN_UNINITIALIZED_AUTOS = YES_AGGRESSIVE;
				GCC_WARN_UNUSED_FUNCTION = YES;
				GCC_WARN_UNUSED_VARIABLE = YES;
				IPHONEOS_DEPLOYMENT_TARGET = 15.0;
				MTL_ENABLE_DEBUG_INFO = NO;
				MTL_FAST_MATH = YES;
				SDKROOT = iphoneos;
				SWIFT_COMPILATION_MODE = wholemodule;
				SWIFT_OPTIMIZATION_LEVEL = "-O";
				VALIDATE_PRODUCT = YES;
			};
			name = Release;
		};
		FE6CC89D2684346200ED5C1F /* Debug */ = {
			isa = XCBuildConfiguration;
			buildSettings = {
				ASSETCATALOG_COMPILER_APPICON_NAME = AppIcon;
				ASSETCATALOG_COMPILER_GLOBAL_ACCENT_COLOR_NAME = AccentColor;
				CODE_SIGN_STYLE = Automatic;
				CURRENT_PROJECT_VERSION = 1;
				DEVELOPMENT_ASSET_PATHS = "\"Passwords/Preview Content\"";
				DEVELOPMENT_TEAM = 82FHR7TDNH;
				ENABLE_PREVIEWS = YES;
				GENERATE_INFOPLIST_FILE = YES;
				INFOPLIST_KEY_UIApplicationSceneManifest_Generation = YES;
				INFOPLIST_KEY_UIApplicationSupportsIndirectInputEvents = YES;
				INFOPLIST_KEY_UILaunchScreen_Generation = YES;
				INFOPLIST_KEY_UISupportedInterfaceOrientations_iPad = "UIInterfaceOrientationPortrait UIInterfaceOrientationPortraitUpsideDown UIInterfaceOrientationLandscapeLeft UIInterfaceOrientationLandscapeRight";
				INFOPLIST_KEY_UISupportedInterfaceOrientations_iPhone = "UIInterfaceOrientationPortrait UIInterfaceOrientationLandscapeLeft UIInterfaceOrientationLandscapeRight";
				IPHONEOS_DEPLOYMENT_TARGET = 14.0;
				LD_RUNPATH_SEARCH_PATHS = (
					"$(inherited)",
					"@executable_path/Frameworks",
				);
				MARKETING_VERSION = 1.0;
				PRODUCT_BUNDLE_IDENTIFIER = "Braeden-s-Projects.Passwords";
				PRODUCT_NAME = "$(TARGET_NAME)";
				SWIFT_EMIT_LOC_STRINGS = YES;
				SWIFT_VERSION = 5.0;
				TARGETED_DEVICE_FAMILY = "1,2";
			};
			name = Debug;
		};
		FE6CC89E2684346200ED5C1F /* Release */ = {
			isa = XCBuildConfiguration;
			buildSettings = {
				ASSETCATALOG_COMPILER_APPICON_NAME = AppIcon;
				ASSETCATALOG_COMPILER_GLOBAL_ACCENT_COLOR_NAME = AccentColor;
				CODE_SIGN_STYLE = Automatic;
				CURRENT_PROJECT_VERSION = 1;
				DEVELOPMENT_ASSET_PATHS = "\"Passwords/Preview Content\"";
				DEVELOPMENT_TEAM = 82FHR7TDNH;
				ENABLE_PREVIEWS = YES;
				GENERATE_INFOPLIST_FILE = YES;
				INFOPLIST_KEY_UIApplicationSceneManifest_Generation = YES;
				INFOPLIST_KEY_UIApplicationSupportsIndirectInputEvents = YES;
				INFOPLIST_KEY_UILaunchScreen_Generation = YES;
				INFOPLIST_KEY_UISupportedInterfaceOrientations_iPad = "UIInterfaceOrientationPortrait UIInterfaceOrientationPortraitUpsideDown UIInterfaceOrientationLandscapeLeft UIInterfaceOrientationLandscapeRight";
				INFOPLIST_KEY_UISupportedInterfaceOrientations_iPhone = "UIInterfaceOrientationPortrait UIInterfaceOrientationLandscapeLeft UIInterfaceOrientationLandscapeRight";
				IPHONEOS_DEPLOYMENT_TARGET = 14.0;
				LD_RUNPATH_SEARCH_PATHS = (
					"$(inherited)",
					"@executable_path/Frameworks",
				);
				MARKETING_VERSION = 1.0;
				PRODUCT_BUNDLE_IDENTIFIER = "Braeden-s-Projects.Passwords";
				PRODUCT_NAME = "$(TARGET_NAME)";
				SWIFT_EMIT_LOC_STRINGS = YES;
				SWIFT_VERSION = 5.0;
				TARGETED_DEVICE_FAMILY = "1,2";
			};
			name = Release;
		};
/* End XCBuildConfiguration section */

/* Begin XCConfigurationList section */
		FE6CC8892684346100ED5C1F /* Build configuration list for PBXProject "Passwords" */ = {
			isa = XCConfigurationList;
			buildConfigurations = (
				FE6CC89A2684346200ED5C1F /* Debug */,
				FE6CC89B2684346200ED5C1F /* Release */,
			);
			defaultConfigurationIsVisible = 0;
			defaultConfigurationName = Release;
		};
		FE6CC89C2684346200ED5C1F /* Build configuration list for PBXNativeTarget "Passwords" */ = {
			isa = XCConfigurationList;
			buildConfigurations = (
				FE6CC89D2684346200ED5C1F /* Debug */,
				FE6CC89E2684346200ED5C1F /* Release */,
			);
			defaultConfigurationIsVisible = 0;
			defaultConfigurationName = Release;
		};
/* End XCConfigurationList section */

/* Begin XCRemoteSwiftPackageReference section */
		FE771CBC268829660046BF91 /* XCRemoteSwiftPackageReference "swifter" */ = {
			isa = XCRemoteSwiftPackageReference;
			repositoryURL = "https://github.com/httpswift/swifter.git";
			requirement = {
				kind = upToNextMajorVersion;
				minimumVersion = 1.0.0;
			};
		};
/* End XCRemoteSwiftPackageReference section */

/* Begin XCSwiftPackageProductDependency section */
		FE771CBD26882A580046BF91 /* Swifter */ = {
			isa = XCSwiftPackageProductDependency;
			package = FE771CBC268829660046BF91 /* XCRemoteSwiftPackageReference "swifter" */;
			productName = Swifter;
		};
/* End XCSwiftPackageProductDependency section */
	};
	rootObject = FE6CC8862684346100ED5C1F /* Project object */;
}
